// !$*UTF8*$!
{
	archiveVersion = 1;
	classes = {
	};
	objectVersion = 55;
	objects = {

/* Begin PBXBuildFile section */
		6C6A462627DE3E5F0062DD47 /* AppDelegate.swift in Sources */ = {isa = PBXBuildFile; fileRef = 6C6A462527DE3E5F0062DD47 /* AppDelegate.swift */; };
		6C6A462827DE3E5F0062DD47 /* SceneDelegate.swift in Sources */ = {isa = PBXBuildFile; fileRef = 6C6A462727DE3E5F0062DD47 /* SceneDelegate.swift */; };
		6C6A462D27DE3E5F0062DD47 /* Main.storyboard in Resources */ = {isa = PBXBuildFile; fileRef = 6C6A462B27DE3E5F0062DD47 /* Main.storyboard */; };
		6C6A462F27DE3E610062DD47 /* Assets.xcassets in Resources */ = {isa = PBXBuildFile; fileRef = 6C6A462E27DE3E610062DD47 /* Assets.xcassets */; };
		6C6A463227DE3E610062DD47 /* LaunchScreen.storyboard in Resources */ = {isa = PBXBuildFile; fileRef = 6C6A463027DE3E610062DD47 /* LaunchScreen.storyboard */; };
		6C6A463A27DE42300062DD47 /* TrackListViewController.swift in Sources */ = {isa = PBXBuildFile; fileRef = 6C6A463927DE42300062DD47 /* TrackListViewController.swift */; };
		6C6A463C27DE483A0062DD47 /* Track.swift in Sources */ = {isa = PBXBuildFile; fileRef = 6C6A463B27DE483A0062DD47 /* Track.swift */; };
		6C6A463E27DE53C10062DD47 /* TrackDetailsViewController.swift in Sources */ = {isa = PBXBuildFile; fileRef = 6C6A463D27DE53C10062DD47 /* TrackDetailsViewController.swift */; };
/* End PBXBuildFile section */

/* Begin PBXFileReference section */
		6C6A462227DE3E5F0062DD47 /* TrackListApp.app */ = {isa = PBXFileReference; explicitFileType = wrapper.application; includeInIndex = 0; path = TrackListApp.app; sourceTree = BUILT_PRODUCTS_DIR; };
		6C6A462527DE3E5F0062DD47 /* AppDelegate.swift */ = {isa = PBXFileReference; lastKnownFileType = sourcecode.swift; path = AppDelegate.swift; sourceTree = "<group>"; };
		6C6A462727DE3E5F0062DD47 /* SceneDelegate.swift */ = {isa = PBXFileReference; lastKnownFileType = sourcecode.swift; path = SceneDelegate.swift; sourceTree = "<group>"; };
		6C6A462C27DE3E5F0062DD47 /* Base */ = {isa = PBXFileReference; lastKnownFileType = file.storyboard; name = Base; path = Base.lproj/Main.storyboard; sourceTree = "<group>"; };
		6C6A462E27DE3E610062DD47 /* Assets.xcassets */ = {isa = PBXFileReference; lastKnownFileType = folder.assetcatalog; path = Assets.xcassets; sourceTree = "<group>"; };
		6C6A463127DE3E610062DD47 /* Base */ = {isa = PBXFileReference; lastKnownFileType = file.storyboard; name = Base; path = Base.lproj/LaunchScreen.storyboard; sourceTree = "<group>"; };
		6C6A463327DE3E610062DD47 /* Info.plist */ = {isa = PBXFileReference; lastKnownFileType = text.plist.xml; path = Info.plist; sourceTree = "<group>"; };
		6C6A463927DE42300062DD47 /* TrackListViewController.swift */ = {isa = PBXFileReference; lastKnownFileType = sourcecode.swift; path = TrackListViewController.swift; sourceTree = "<group>"; };
		6C6A463B27DE483A0062DD47 /* Track.swift */ = {isa = PBXFileReference; lastKnownFileType = sourcecode.swift; path = Track.swift; sourceTree = "<group>"; };
		6C6A463D27DE53C10062DD47 /* TrackDetailsViewController.swift */ = {isa = PBXFileReference; lastKnownFileType = sourcecode.swift; path = TrackDetailsViewController.swift; sourceTree = "<group>"; };
/* End PBXFileReference section */

/* Begin PBXFrameworksBuildPhase section */
		6C6A461F27DE3E5F0062DD47 /* Frameworks */ = {
			isa = PBXFrameworksBuildPhase;
			buildActionMask = 2147483647;
			files = (
			);
			runOnlyForDeploymentPostprocessing = 0;
		};
/* End PBXFrameworksBuildPhase section */

/* Begin PBXGroup section */
		6C6A461927DE3E5F0062DD47 = {
			isa = PBXGroup;
			children = (
				6C6A462427DE3E5F0062DD47 /* TrackListApp */,
				6C6A462327DE3E5F0062DD47 /* Products */,
			);
			sourceTree = "<group>";
		};
		6C6A462327DE3E5F0062DD47 /* Products */ = {
			isa = PBXGroup;
			children = (
				6C6A462227DE3E5F0062DD47 /* TrackListApp.app */,
			);
			name = Products;
			sourceTree = "<group>";
		};
		6C6A462427DE3E5F0062DD47 /* TrackListApp */ = {
			isa = PBXGroup;
			children = (
				6C6A464027DE58B00062DD47 /* ViewControllers */,
				6C6A464127DE58DB0062DD47 /* Models */,
				6C6A464227DE58E20062DD47 /* Storyboards */,
				6C6A464327DE58ED0062DD47 /* Resources */,
				6C6A463F27DE58970062DD47 /* App */,
			);
			path = TrackListApp;
			sourceTree = "<group>";
		};
		6C6A463F27DE58970062DD47 /* App */ = {
			isa = PBXGroup;
			children = (
				6C6A462527DE3E5F0062DD47 /* AppDelegate.swift */,
				6C6A462727DE3E5F0062DD47 /* SceneDelegate.swift */,
				6C6A463327DE3E610062DD47 /* Info.plist */,
			);
			path = App;
			sourceTree = "<group>";
		};
		6C6A464027DE58B00062DD47 /* ViewControllers */ = {
			isa = PBXGroup;
			children = (
				6C6A463927DE42300062DD47 /* TrackListViewController.swift */,
				6C6A463D27DE53C10062DD47 /* TrackDetailsViewController.swift */,
			);
			path = ViewControllers;
			sourceTree = "<group>";
		};
		6C6A464127DE58DB0062DD47 /* Models */ = {
			isa = PBXGroup;
			children = (
				6C6A463B27DE483A0062DD47 /* Track.swift */,
			);
			path = Models;
			sourceTree = "<group>";
		};
		6C6A464227DE58E20062DD47 /* Storyboards */ = {
			isa = PBXGroup;
			children = (
				6C6A462B27DE3E5F0062DD47 /* Main.storyboard */,
				6C6A463027DE3E610062DD47 /* LaunchScreen.storyboard */,
			);
			path = Storyboards;
			sourceTree = "<group>";
		};
		6C6A464327DE58ED0062DD47 /* Resources */ = {
			isa = PBXGroup;
			children = (
				6C6A462E27DE3E610062DD47 /* Assets.xcassets */,
			);
			path = Resources;
			sourceTree = "<group>";
		};
/* End PBXGroup section */

/* Begin PBXNativeTarget section */
		6C6A462127DE3E5F0062DD47 /* TrackListApp */ = {
			isa = PBXNativeTarget;
			buildConfigurationList = 6C6A463627DE3E610062DD47 /* Build configuration list for PBXNativeTarget "TrackListApp" */;
			buildPhases = (
				6C6A461E27DE3E5F0062DD47 /* Sources */,
				6C6A461F27DE3E5F0062DD47 /* Frameworks */,
				6C6A462027DE3E5F0062DD47 /* Resources */,
			);
			buildRules = (
			);
			dependencies = (
			);
			name = TrackListApp;
			productName = TrackListApp;
			productReference = 6C6A462227DE3E5F0062DD47 /* TrackListApp.app */;
			productType = "com.apple.product-type.application";
		};
/* End PBXNativeTarget section */

/* Begin PBXProject section */
		6C6A461A27DE3E5F0062DD47 /* Project object */ = {
			isa = PBXProject;
			attributes = {
				BuildIndependentTargetsInParallel = 1;
				LastSwiftUpdateCheck = 1320;
				LastUpgradeCheck = 1320;
				TargetAttributes = {
					6C6A462127DE3E5F0062DD47 = {
						CreatedOnToolsVersion = 13.2.1;
					};
				};
			};
			buildConfigurationList = 6C6A461D27DE3E5F0062DD47 /* Build configuration list for PBXProject "TrackListApp" */;
			compatibilityVersion = "Xcode 13.0";
			developmentRegion = en;
			hasScannedForEncodings = 0;
			knownRegions = (
				en,
				Base,
			);
			mainGroup = 6C6A461927DE3E5F0062DD47;
			productRefGroup = 6C6A462327DE3E5F0062DD47 /* Products */;
			projectDirPath = "";
			projectRoot = "";
			targets = (
				6C6A462127DE3E5F0062DD47 /* TrackListApp */,
			);
		};
/* End PBXProject section */

/* Begin PBXResourcesBuildPhase section */
		6C6A462027DE3E5F0062DD47 /* Resources */ = {
			isa = PBXResourcesBuildPhase;
			buildActionMask = 2147483647;
			files = (
				6C6A463227DE3E610062DD47 /* LaunchScreen.storyboard in Resources */,
				6C6A462F27DE3E610062DD47 /* Assets.xcassets in Resources */,
				6C6A462D27DE3E5F0062DD47 /* Main.storyboard in Resources */,
			);
			runOnlyForDeploymentPostprocessing = 0;
		};
/* End PBXResourcesBuildPhase section */

/* Begin PBXSourcesBuildPhase section */
		6C6A461E27DE3E5F0062DD47 /* Sources */ = {
			isa = PBXSourcesBuildPhase;
			buildActionMask = 2147483647;
			files = (
				6C6A462627DE3E5F0062DD47 /* AppDelegate.swift in Sources */,
				6C6A462827DE3E5F0062DD47 /* SceneDelegate.swift in Sources */,
				6C6A463E27DE53C10062DD47 /* TrackDetailsViewController.swift in Sources */,
				6C6A463A27DE42300062DD47 /* TrackListViewController.swift in Sources */,
				6C6A463C27DE483A0062DD47 /* Track.swift in Sources */,
			);
			runOnlyForDeploymentPostprocessing = 0;
		};
/* End PBXSourcesBuildPhase section */

/* Begin PBXVariantGroup section */
		6C6A462B27DE3E5F0062DD47 /* Main.storyboard */ = {
			isa = PBXVariantGroup;
			children = (
				6C6A462C27DE3E5F0062DD47 /* Base */,
			);
			name = Main.storyboard;
			sourceTree = "<group>";
		};
		6C6A463027DE3E610062DD47 /* LaunchScreen.storyboard */ = {
			isa = PBXVariantGroup;
			children = (
				6C6A463127DE3E610062DD47 /* Base */,
			);
			name = LaunchScreen.storyboard;
			sourceTree = "<group>";
		};
/* End PBXVariantGroup section */

/* Begin XCBuildConfiguration section */
		6C6A463427DE3E610062DD47 /* Debug */ = {
			isa = XCBuildConfiguration;
			buildSettings = {
				ALWAYS_SEARCH_USER_PATHS = NO;
				CLANG_ANALYZER_NONNULL = YES;
				CLANG_ANALYZER_NUMBER_OBJECT_CONVERSION = YES_AGGRESSIVE;
				CLANG_CXX_LANGUAGE_STANDARD = "gnu++17";
				CLANG_CXX_LIBRARY = "libc++";
				CLANG_ENABLE_MODULES = YES;
				CLANG_ENABLE_OBJC_ARC = YES;
				CLANG_ENABLE_OBJC_WEAK = YES;
				CLANG_WARN_BLOCK_CAPTURE_AUTORELEASING = YES;
				CLANG_WARN_BOOL_CONVERSION = YES;
				CLANG_WARN_COMMA = YES;
				CLANG_WARN_CONSTANT_CONVERSION = YES;
				CLANG_WARN_DEPRECATED_OBJC_IMPLEMENTATIONS = YES;
				CLANG_WARN_DIRECT_OBJC_ISA_USAGE = YES_ERROR;
				CLANG_WARN_DOCUMENTATION_COMMENTS = YES;
				CLANG_WARN_EMPTY_BODY = YES;
				CLANG_WARN_ENUM_CONVERSION = YES;
				CLANG_WARN_INFINITE_RECURSION = YES;
				CLANG_WARN_INT_CONVERSION = YES;
				CLANG_WARN_NON_LITERAL_NULL_CONVERSION = YES;
				CLANG_WARN_OBJC_IMPLICIT_RETAIN_SELF = YES;
				CLANG_WARN_OBJC_LITERAL_CONVERSION = YES;
				CLANG_WARN_OBJC_ROOT_CLASS = YES_ERROR;
				CLANG_WARN_QUOTED_INCLUDE_IN_FRAMEWORK_HEADER = YES;
				CLANG_WARN_RANGE_LOOP_ANALYSIS = YES;
				CLANG_WARN_STRICT_PROTOTYPES = YES;
				CLANG_WARN_SUSPICIOUS_MOVE = YES;
				CLANG_WARN_UNGUARDED_AVAILABILITY = YES_AGGRESSIVE;
				CLANG_WARN_UNREACHABLE_CODE = YES;
				CLANG_WARN__DUPLICATE_METHOD_MATCH = YES;
				COPY_PHASE_STRIP = NO;
				DEBUG_INFORMATION_FORMAT = dwarf;
				ENABLE_STRICT_OBJC_MSGSEND = YES;
				ENABLE_TESTABILITY = YES;
				GCC_C_LANGUAGE_STANDARD = gnu11;
				GCC_DYNAMIC_NO_PIC = NO;
				GCC_NO_COMMON_BLOCKS = YES;
				GCC_OPTIMIZATION_LEVEL = 0;
				GCC_PREPROCESSOR_DEFINITIONS = (
					"DEBUG=1",
					"$(inherited)",
				);
				GCC_WARN_64_TO_32_BIT_CONVERSION = YES;
				GCC_WARN_ABOUT_RETURN_TYPE = YES_ERROR;
				GCC_WARN_UNDECLARED_SELECTOR = YES;
				GCC_WARN_UNINITIALIZED_AUTOS = YES_AGGRESSIVE;
				GCC_WARN_UNUSED_FUNCTION = YES;
				GCC_WARN_UNUSED_VARIABLE = YES;
				IPHONEOS_DEPLOYMENT_TARGET = 15.2;
				MTL_ENABLE_DEBUG_INFO = INCLUDE_SOURCE;
				MTL_FAST_MATH = YES;
				ONLY_ACTIVE_ARCH = YES;
				SDKROOT = iphoneos;
				SWIFT_ACTIVE_COMPILATION_CONDITIONS = DEBUG;
				SWIFT_OPTIMIZATION_LEVEL = "-Onone";
			};
			name = Debug;
		};
		6C6A463527DE3E610062DD47 /* Release */ = {
			isa = XCBuildConfiguration;
			buildSettings = {
				ALWAYS_SEARCH_USER_PATHS = NO;
				CLANG_ANALYZER_NONNULL = YES;
				CLANG_ANALYZER_NUMBER_OBJECT_CONVERSION = YES_AGGRESSIVE;
				CLANG_CXX_LANGUAGE_STANDARD = "gnu++17";
				CLANG_CXX_LIBRARY = "libc++";
				CLANG_ENABLE_MODULES = YES;
				CLANG_ENABLE_OBJC_ARC = YES;
				CLANG_ENABLE_OBJC_WEAK = YES;
				CLANG_WARN_BLOCK_CAPTURE_AUTORELEASING = YES;
				CLANG_WARN_BOOL_CONVERSION = YES;
				CLANG_WARN_COMMA = YES;
				CLANG_WARN_CONSTANT_CONVERSION = YES;
				CLANG_WARN_DEPRECATED_OBJC_IMPLEMENTATIONS = YES;
				CLANG_WARN_DIRECT_OBJC_ISA_USAGE = YES_ERROR;
				CLANG_WARN_DOCUMENTATION_COMMENTS = YES;
				CLANG_WARN_EMPTY_BODY = YES;
				CLANG_WARN_ENUM_CONVERSION = YES;
				CLANG_WARN_INFINITE_RECURSION = YES;
				CLANG_WARN_INT_CONVERSION = YES;
				CLANG_WARN_NON_LITERAL_NULL_CONVERSION = YES;
				CLANG_WARN_OBJC_IMPLICIT_RETAIN_SELF = YES;
				CLANG_WARN_OBJC_LITERAL_CONVERSION = YES;
				CLANG_WARN_OBJC_ROOT_CLASS = YES_ERROR;
				CLANG_WARN_QUOTED_INCLUDE_IN_FRAMEWORK_HEADER = YES;
				CLANG_WARN_RANGE_LOOP_ANALYSIS = YES;
				CLANG_WARN_STRICT_PROTOTYPES = YES;
				CLANG_WARN_SUSPICIOUS_MOVE = YES;
				CLANG_WARN_UNGUARDED_AVAILABILITY = YES_AGGRESSIVE;
				CLANG_WARN_UNREACHABLE_CODE = YES;
				CLANG_WARN__DUPLICATE_METHOD_MATCH = YES;
				COPY_PHASE_STRIP = NO;
				DEBUG_INFORMATION_FORMAT = "dwarf-with-dsym";
				ENABLE_NS_ASSERTIONS = NO;
				ENABLE_STRICT_OBJC_MSGSEND = YES;
				GCC_C_LANGUAGE_STANDARD = gnu11;
				GCC_NO_COMMON_BLOCKS = YES;
				GCC_WARN_64_TO_32_BIT_CONVERSION = YES;
				GCC_WARN_ABOUT_RETURN_TYPE = YES_ERROR;
				GCC_WARN_UNDECLARED_SELECTOR = YES;
				GCC_WARN_UNINITIALIZED_AUTOS = YES_AGGRESSIVE;
				GCC_WARN_UNUSED_FUNCTION = YES;
				GCC_WARN_UNUSED_VARIABLE = YES;
				IPHONEOS_DEPLOYMENT_TARGET = 15.2;
				MTL_ENABLE_DEBUG_INFO = NO;
				MTL_FAST_MATH = YES;
				SDKROOT = iphoneos;
				SWIFT_COMPILATION_MODE = wholemodule;
				SWIFT_OPTIMIZATION_LEVEL = "-O";
				VALIDATE_PRODUCT = YES;
			};
			name = Release;
		};
		6C6A463727DE3E610062DD47 /* Debug */ = {
			isa = XCBuildConfiguration;
			buildSettings = {
				ASSETCATALOG_COMPILER_APPICON_NAME = AppIcon;
				ASSETCATALOG_COMPILER_GLOBAL_ACCENT_COLOR_NAME = AccentColor;
				CODE_SIGN_STYLE = Automatic;
				CURRENT_PROJECT_VERSION = 1;
				DEVELOPMENT_TEAM = MAMAND5R9P;
				GENERATE_INFOPLIST_FILE = YES;
				INFOPLIST_FILE = TrackListApp/App/Info.plist;
				INFOPLIST_KEY_CFBundleDisplayName = "Track List";
				INFOPLIST_KEY_UIApplicationSupportsIndirectInputEvents = YES;
				INFOPLIST_KEY_UILaunchStoryboardName = LaunchScreen;
				INFOPLIST_KEY_UIMainStoryboardFile = Main;
				INFOPLIST_KEY_UISupportedInterfaceOrientations = UIInterfaceOrientationPortrait;
				LD_RUNPATH_SEARCH_PATHS = (
					"$(inherited)",
					"@executable_path/Frameworks",
				);
				MARKETING_VERSION = 1.1.0;
				PRODUCT_BUNDLE_IDENTIFIER = AlexeyRadomskiy.TrackListApp;
				PRODUCT_NAME = "$(TARGET_NAME)";
				SWIFT_EMIT_LOC_STRINGS = YES;
				SWIFT_VERSION = 5.0;
				TARGETED_DEVICE_FAMILY = 1;
			};
			name = Debug;
		};
		6C6A463827DE3E610062DD47 /* Release */ = {
			isa = XCBuildConfiguration;
			buildSettings = {
				ASSETCATALOG_COMPILER_APPICON_NAME = AppIcon;
				ASSETCATALOG_COMPILER_GLOBAL_ACCENT_COLOR_NAME = AccentColor;
				CODE_SIGN_STYLE = Automatic;
				CURRENT_PROJECT_VERSION = 1;
				DEVELOPMENT_TEAM = MAMAND5R9P;
				GENERATE_INFOPLIST_FILE = YES;
				INFOPLIST_FILE = TrackListApp/App/Info.plist;
				INFOPLIST_KEY_CFBundleDisplayName = "Track List";
				INFOPLIST_KEY_UIApplicationSupportsIndirectInputEvents = YES;
				INFOPLIST_KEY_UILaunchStoryboardName = LaunchScreen;
				INFOPLIST_KEY_UIMainStoryboardFile = Main;
				INFOPLIST_KEY_UISupportedInterfaceOrientations = UIInterfaceOrientationPortrait;
				LD_RUNPATH_SEARCH_PATHS = (
					"$(inherited)",
					"@executable_path/Frameworks",
				);
				MARKETING_VERSION = 1.1.0;
				PRODUCT_BUNDLE_IDENTIFIER = AlexeyRadomskiy.TrackListApp;
				PRODUCT_NAME = "$(TARGET_NAME)";
				SWIFT_EMIT_LOC_STRINGS = YES;
				SWIFT_VERSION = 5.0;
				TARGETED_DEVICE_FAMILY = 1;
			};
			name = Release;
		};
/* End XCBuildConfiguration section */

/* Begin XCConfigurationList section */
		6C6A461D27DE3E5F0062DD47 /* Build configuration list for PBXProject "TrackListApp" */ = {
			isa = XCConfigurationList;
			buildConfigurations = (
				6C6A463427DE3E610062DD47 /* Debug */,
				6C6A463527DE3E610062DD47 /* Release */,
			);
			defaultConfigurationIsVisible = 0;
			defaultConfigurationName = Release;
		};
		6C6A463627DE3E610062DD47 /* Build configuration list for PBXNativeTarget "TrackListApp" */ = {
			isa = XCConfigurationList;
			buildConfigurations = (
				6C6A463727DE3E610062DD47 /* Debug */,
				6C6A463827DE3E610062DD47 /* Release */,
			);
			defaultConfigurationIsVisible = 0;
			defaultConfigurationName = Release;
		};
/* End XCConfigurationList section */
	};
	rootObject = 6C6A461A27DE3E5F0062DD47 /* Project object */;
}
